{"1.1.0",
[{<<"crc32cer">>,{pkg,<<"crc32cer">>,<<"0.1.3">>},1},
 {<<"foil">>,
  {git,"https://github.com/lpgauth/foil.git",
       {ref,"b55c30ff8b21daf89a85d1565d4b836c7f9e549b"}},
  0},
 {<<"granderl">>,{pkg,<<"granderl">>,<<"0.1.5">>},1},
 {<<"kafka_protocol">>,
  {git,"https://github.com/klarna/kafka_protocol.git",
       {ref,"e97e18adca408c02d195219d18731bad60367bfe"}},
  0},
 {<<"metal">>,
  {git,"https://github.com/lpgauth/metal.git",
       {ref,"43e28220b5affa45aa1e5fb0583fee26547968d3"}},
  0},
 {<<"shackle">>,
  {git,"https://github.com/lpgauth/shackle.git",
       {ref,"7527d5cae67efd8b93f0d9636076427e038fc6fe"}},
  0},
 {<<"snappyer">>,{pkg,<<"snappyer">>,<<"1.2.4">>},1}]}.
[
{pkg_hash,[
 {<<"crc32cer">>, <<"8984906C4B4FAE6AA292C48F286A1C83B19AD44BD102287ACB94D696015967CE">>},
 {<<"granderl">>, <<"F20077A68BD80B8D8783BD15A052813C6483771DEC1A5B837D307CBE92F14122">>},
 {<<"snappyer">>, <<"6D739C534CD2339633127A2B40279BE71F149E5842C5363A4D88E66EFB7C1FEC">>}]}
].
