[{<<"granderl">>,
  {git,"https://github.com/tokenrove/granderl",
       {ref,"6aa178dfb0097c3bfb5de196a45847323ab6729f"}},
  1},
 {<<"shackle">>,
  {git,"https://github.com/lpgauth/shackle.git",
       {ref,"14c50629f285f25991ba4fb91177838701a7b815"}},
  0},
 {<<"snappy">>,
  {git,"https://github.com/lpgauth/snappy-erlang-nif.git",
       {ref,"fba0b41114c6621fd3d4fc259bb05372e7408eb9"}},
  0},
 {<<"statsderl">>,
  {git,"https://github.com/lpgauth/statsderl.git",
       {ref,"45eb926a2da2f75be47d19b6c51ac08066d63e55"}},
  0}].
